{
  "name": "futbol-data-live",
  "version": "1.0.0",
  "lockfileVersion": 2,
  "requires": true,
  "packages": {
    "": {
      "name": "futbol-data-live",
      "version": "1.0.0",
      "dependencies": {
        "@supabase/auth-helpers-nextjs": "^0.10.0",
        "next": "13.4.7",
        "react": "18.2.0",
        "react-dom": "18.2.0"
      },
      "devDependencies": {
        "eslint": "8.43.0",
        "eslint-config-next": "13.4.7",
        "typescript": "5.1.3"
      }
    }
  },
  "dependencies": {
    "@supabase/auth-helpers-nextjs": {
      "version": "^0.10.0",
      "requires": {}
    },
    "next": {
      "version": "13.4.7",
      "requires": {}
    },
    "react": {
      "version": "18.2.0",
      "requires": {}
    },
    "react-dom": {
      "version": "18.2.0",
      "requires": {}
    }
  },
  "devDependencies": {
    "eslint": {
      "version": "8.43.0",
      "requires": {}
    },
    "eslint-config-next": {
      "version": "13.4.7",
      "requires": {}
    },
    "typescript": {
      "version": "5.1.3",
      "requires": {}
    }
  }
}